
Microsoft Visual Studio Solution File, Format Version 12.00
# Visual Studio Version 17
VisualStudioVersion = 17.0.31903.59
MinimumVisualStudioVersion = 10.0.40219.1
Project("{2150E333-8FDC-42A3-9474-1A3956D46DE8}") = "src", "src", "{827E0CD3-B72D-47B6-A68D-7590B98EB39B}"
EndProject
Project("{FAE04EC0-301F-11D3-BF4B-00C04F79EFBC}") = "AWOMS.NOC.Shared", "src\AWOMS.NOC.Shared\AWOMS.NOC.Shared.csproj", "{80A313B6-FB07-4608-B37F-1B9F1D1F0EE7}"
EndProject
Project("{FAE04EC0-301F-11D3-BF4B-00C04F79EFBC}") = "AWOMS.NOC.Agent", "src\AWOMS.NOC.Agent\AWOMS.NOC.Agent.csproj", "{38622E13-C810-4719-9330-33F03401063A}"
EndProject
Project("{FAE04EC0-301F-11D3-BF4B-00C04F79EFBC}") = "AWOMS.NOC.Functions", "src\AWOMS.NOC.Functions\AWOMS.NOC.Functions.csproj", "{F1C512A3-2829-4474-92A5-E37ED9870022}"
EndProject
Global
	GlobalSection(SolutionConfigurationPlatforms) = preSolution
		Debug|Any CPU = Debug|Any CPU
		Debug|x64 = Debug|x64
		Debug|x86 = Debug|x86
		Release|Any CPU = Release|Any CPU
		Release|x64 = Release|x64
		Release|x86 = Release|x86
	EndGlobalSection
	GlobalSection(ProjectConfigurationPlatforms) = postSolution
		{80A313B6-FB07-4608-B37F-1B9F1D1F0EE7}.Debug|Any CPU.ActiveCfg = Debug|Any CPU
		{80A313B6-FB07-4608-B37F-1B9F1D1F0EE7}.Debug|Any CPU.Build.0 = Debug|Any CPU
		{80A313B6-FB07-4608-B37F-1B9F1D1F0EE7}.Debug|x64.ActiveCfg = Debug|Any CPU
		{80A313B6-FB07-4608-B37F-1B9F1D1F0EE7}.Debug|x64.Build.0 = Debug|Any CPU
		{80A313B6-FB07-4608-B37F-1B9F1D1F0EE7}.Debug|x86.ActiveCfg = Debug|Any CPU
		{80A313B6-FB07-4608-B37F-1B9F1D1F0EE7}.Debug|x86.Build.0 = Debug|Any CPU
		{80A313B6-FB07-4608-B37F-1B9F1D1F0EE7}.Release|Any CPU.ActiveCfg = Release|Any CPU
		{80A313B6-FB07-4608-B37F-1B9F1D1F0EE7}.Release|Any CPU.Build.0 = Release|Any CPU
		{80A313B6-FB07-4608-B37F-1B9F1D1F0EE7}.Release|x64.ActiveCfg = Release|Any CPU
		{80A313B6-FB07-4608-B37F-1B9F1D1F0EE7}.Release|x64.Build.0 = Release|Any CPU
		{80A313B6-FB07-4608-B37F-1B9F1D1F0EE7}.Release|x86.ActiveCfg = Release|Any CPU
		{80A313B6-FB07-4608-B37F-1B9F1D1F0EE7}.Release|x86.Build.0 = Release|Any CPU
		{38622E13-C810-4719-9330-33F03401063A}.Debug|Any CPU.ActiveCfg = Debug|Any CPU
		{38622E13-C810-4719-9330-33F03401063A}.Debug|Any CPU.Build.0 = Debug|Any CPU
		{38622E13-C810-4719-9330-33F03401063A}.Debug|x64.ActiveCfg = Debug|Any CPU
		{38622E13-C810-4719-9330-33F03401063A}.Debug|x64.Build.0 = Debug|Any CPU
		{38622E13-C810-4719-9330-33F03401063A}.Debug|x86.ActiveCfg = Debug|Any CPU
		{38622E13-C810-4719-9330-33F03401063A}.Debug|x86.Build.0 = Debug|Any CPU
		{38622E13-C810-4719-9330-33F03401063A}.Release|Any CPU.ActiveCfg = Release|Any CPU
		{38622E13-C810-4719-9330-33F03401063A}.Release|Any CPU.Build.0 = Release|Any CPU
		{38622E13-C810-4719-9330-33F03401063A}.Release|x64.ActiveCfg = Release|Any CPU
		{38622E13-C810-4719-9330-33F03401063A}.Release|x64.Build.0 = Release|Any CPU
		{38622E13-C810-4719-9330-33F03401063A}.Release|x86.ActiveCfg = Release|Any CPU
		{38622E13-C810-4719-9330-33F03401063A}.Release|x86.Build.0 = Release|Any CPU
		{F1C512A3-2829-4474-92A5-E37ED9870022}.Debug|Any CPU.ActiveCfg = Debug|Any CPU
		{F1C512A3-2829-4474-92A5-E37ED9870022}.Debug|Any CPU.Build.0 = Debug|Any CPU
		{F1C512A3-2829-4474-92A5-E37ED9870022}.Debug|x64.ActiveCfg = Debug|Any CPU
		{F1C512A3-2829-4474-92A5-E37ED9870022}.Debug|x64.Build.0 = Debug|Any CPU
		{F1C512A3-2829-4474-92A5-E37ED9870022}.Debug|x86.ActiveCfg = Debug|Any CPU
		{F1C512A3-2829-4474-92A5-E37ED9870022}.Debug|x86.Build.0 = Debug|Any CPU
		{F1C512A3-2829-4474-92A5-E37ED9870022}.Release|Any CPU.ActiveCfg = Release|Any CPU
		{F1C512A3-2829-4474-92A5-E37ED9870022}.Release|Any CPU.Build.0 = Release|Any CPU
		{F1C512A3-2829-4474-92A5-E37ED9870022}.Release|x64.ActiveCfg = Release|Any CPU
		{F1C512A3-2829-4474-92A5-E37ED9870022}.Release|x64.Build.0 = Release|Any CPU
		{F1C512A3-2829-4474-92A5-E37ED9870022}.Release|x86.ActiveCfg = Release|Any CPU
		{F1C512A3-2829-4474-92A5-E37ED9870022}.Release|x86.Build.0 = Release|Any CPU
	EndGlobalSection
	GlobalSection(SolutionProperties) = preSolution
		HideSolutionNode = FALSE
	EndGlobalSection
	GlobalSection(NestedProjects) = preSolution
		{80A313B6-FB07-4608-B37F-1B9F1D1F0EE7} = {827E0CD3-B72D-47B6-A68D-7590B98EB39B}
		{38622E13-C810-4719-9330-33F03401063A} = {827E0CD3-B72D-47B6-A68D-7590B98EB39B}
		{F1C512A3-2829-4474-92A5-E37ED9870022} = {827E0CD3-B72D-47B6-A68D-7590B98EB39B}
	EndGlobalSection
EndGlobal
